
Microsoft Visual Studio Solution File, Format Version 12.00
# Visual Studio 15
VisualStudioVersion = 15.0.27703.2026
MinimumVisualStudioVersion = 10.0.40219.1
Project("{FAE04EC0-301F-11D3-BF4B-00C04F79EFBC}") = "DiscordBot", "DiscordBot\DiscordBot.csproj", "{EA2001F6-D50B-4CE8-9A08-25A10C729DA4}"
EndProject
Global
	GlobalSection(SolutionConfigurationPlatforms) = preSolution
		Debug|Any CPU = Debug|Any CPU
		Release|Any CPU = Release|Any CPU
	EndGlobalSection
	GlobalSection(ProjectConfigurationPlatforms) = postSolution
		{EA2001F6-D50B-4CE8-9A08-25A10C729DA4}.Debug|Any CPU.ActiveCfg = Debug|Any CPU
		{EA2001F6-D50B-4CE8-9A08-25A10C729DA4}.Debug|Any CPU.Build.0 = Debug|Any CPU
		{EA2001F6-D50B-4CE8-9A08-25A10C729DA4}.Release|Any CPU.ActiveCfg = Release|Any CPU
		{EA2001F6-D50B-4CE8-9A08-25A10C729DA4}.Release|Any CPU.Build.0 = Release|Any CPU
	EndGlobalSection
	GlobalSection(SolutionProperties) = preSolution
		HideSolutionNode = FALSE
	EndGlobalSection
	GlobalSection(ExtensibilityGlobals) = postSolution
		SolutionGuid = {F2734C36-AB91-4F4B-BE32-42E60963F770}
	EndGlobalSection
EndGlobal
